// !$*UTF8*$!
{
	archiveVersion = 1;
	classes = {
	};
	objectVersion = 46;
	objects = {

/* Begin PBXBuildFile section */
		060152471CACEA7400064915 /* HealthTourismViewController.m in Sources */ = {isa = PBXBuildFile; fileRef = 060152461CACEA7400064915 /* HealthTourismViewController.m */; };
		0601524A1CACED9800064915 /* TourismTableViewCell.m in Sources */ = {isa = PBXBuildFile; fileRef = 060152491CACED9800064915 /* TourismTableViewCell.m */; };
		06035FD21CB76989003FA60A /* nav_background.png in Resources */ = {isa = PBXBuildFile; fileRef = 06035FD11CB76989003FA60A /* nav_background.png */; };
		06035FD41CB77983003FA60A /* ProvideServices.storyboard in Resources */ = {isa = PBXBuildFile; fileRef = 06035FD31CB77983003FA60A /* ProvideServices.storyboard */; };
		0609F8511CAA3AE30004E8FA /* ProvSerCollectionCell.m in Sources */ = {isa = PBXBuildFile; fileRef = 0609F8501CAA3AE30004E8FA /* ProvSerCollectionCell.m */; };
		0609F8541CAA45900004E8FA /* PersonalViewController.m in Sources */ = {isa = PBXBuildFile; fileRef = 0609F8531CAA45900004E8FA /* PersonalViewController.m */; };
		060A81131C92893E00CAD221 /* main.m in Sources */ = {isa = PBXBuildFile; fileRef = 060A81121C92893E00CAD221 /* main.m */; };
		060A81161C92893E00CAD221 /* AppDelegate.m in Sources */ = {isa = PBXBuildFile; fileRef = 060A81151C92893E00CAD221 /* AppDelegate.m */; };
		060A81191C92893E00CAD221 /* ViewController.m in Sources */ = {isa = PBXBuildFile; fileRef = 060A81181C92893E00CAD221 /* ViewController.m */; };
		060A811C1C92893E00CAD221 /* Main.storyboard in Resources */ = {isa = PBXBuildFile; fileRef = 060A811A1C92893E00CAD221 /* Main.storyboard */; };
		060A811E1C92893E00CAD221 /* Assets.xcassets in Resources */ = {isa = PBXBuildFile; fileRef = 060A811D1C92893E00CAD221 /* Assets.xcassets */; };
		060A81211C92893E00CAD221 /* LaunchScreen.storyboard in Resources */ = {isa = PBXBuildFile; fileRef = 060A811F1C92893E00CAD221 /* LaunchScreen.storyboard */; };
		060A81321C928E9E00CAD221 /* clockicon.png in Resources */ = {isa = PBXBuildFile; fileRef = 060A812D1C928E9E00CAD221 /* clockicon.png */; };
		060A81331C928E9E00CAD221 /* dependenticon.png in Resources */ = {isa = PBXBuildFile; fileRef = 060A812E1C928E9E00CAD221 /* dependenticon.png */; };
		060A81341C928E9E00CAD221 /* doubleicon.png in Resources */ = {isa = PBXBuildFile; fileRef = 060A812F1C928E9E00CAD221 /* doubleicon.png */; };
		060A81361C928E9E00CAD221 /* toolicon.png in Resources */ = {isa = PBXBuildFile; fileRef = 060A81311C928E9E00CAD221 /* toolicon.png */; };
		060A81381C928EE800CAD221 /* Home.png in Resources */ = {isa = PBXBuildFile; fileRef = 060A81371C928EE800CAD221 /* Home.png */; };
		066D12151CC9ECF90035B443 /* CustomControls.framework in Frameworks */ = {isa = PBXBuildFile; fileRef = 066D12141CC9ECF90035B443 /* CustomControls.framework */; };
		06734A051CB7C4B100A043AF /* ic_back.png in Resources */ = {isa = PBXBuildFile; fileRef = 06734A041CB7C4B100A043AF /* ic_back.png */; };
		06734A0E1CB7D8C500A043AF /* PublicFuncObject.m in Sources */ = {isa = PBXBuildFile; fileRef = 06734A0D1CB7D8C500A043AF /* PublicFuncObject.m */; };
		06734A111CB7DB1B00A043AF /* NormalNavBarViewController.m in Sources */ = {isa = PBXBuildFile; fileRef = 06734A101CB7DB1B00A043AF /* NormalNavBarViewController.m */; };
		0677426D1C99701600C39680 /* HomeDFCollectionViewCell.m in Sources */ = {isa = PBXBuildFile; fileRef = 067742611C99701600C39680 /* HomeDFCollectionViewCell.m */; };
		0677426E1C99701600C39680 /* HomeTBCollectionViewCell.m in Sources */ = {isa = PBXBuildFile; fileRef = 067742631C99701600C39680 /* HomeTBCollectionViewCell.m */; };
		0677426F1C99701600C39680 /* HomeViewController.m in Sources */ = {isa = PBXBuildFile; fileRef = 067742651C99701600C39680 /* HomeViewController.m */; };
		067742711C99701600C39680 /* TVCellDailyFuncCollection.m in Sources */ = {isa = PBXBuildFile; fileRef = 067742681C99701600C39680 /* TVCellDailyFuncCollection.m */; };
		067742721C99701600C39680 /* TVCellIAMIC.m in Sources */ = {isa = PBXBuildFile; fileRef = 0677426A1C99701600C39680 /* TVCellIAMIC.m */; };
		067742731C99701600C39680 /* TVCellTBCollection.m in Sources */ = {isa = PBXBuildFile; fileRef = 0677426C1C99701600C39680 /* TVCellTBCollection.m */; };
		067AA52C1CBB592500C5825D /* PSCellBorder.png in Resources */ = {isa = PBXBuildFile; fileRef = 067AA52B1CBB592500C5825D /* PSCellBorder.png */; };
		06B453E21C97D30300518931 /* 0.jpg in Resources */ = {isa = PBXBuildFile; fileRef = 06B453D81C97D30300518931 /* 0.jpg */; };
		06B453E31C97D30300518931 /* 1.jpg in Resources */ = {isa = PBXBuildFile; fileRef = 06B453D91C97D30300518931 /* 1.jpg */; };
		06B453E41C97D30300518931 /* 2.jpg in Resources */ = {isa = PBXBuildFile; fileRef = 06B453DA1C97D30300518931 /* 2.jpg */; };
		06B453E51C97D30300518931 /* 3.jpg in Resources */ = {isa = PBXBuildFile; fileRef = 06B453DB1C97D30300518931 /* 3.jpg */; };
		06B453E61C97D30300518931 /* 4.jpg in Resources */ = {isa = PBXBuildFile; fileRef = 06B453DC1C97D30300518931 /* 4.jpg */; };
		06B453E71C97D30300518931 /* 5.jpg in Resources */ = {isa = PBXBuildFile; fileRef = 06B453DD1C97D30300518931 /* 5.jpg */; };
		06B453E81C97D30300518931 /* 6.jpg in Resources */ = {isa = PBXBuildFile; fileRef = 06B453DE1C97D30300518931 /* 6.jpg */; };
		06B453E91C97D30300518931 /* 7.jpg in Resources */ = {isa = PBXBuildFile; fileRef = 06B453DF1C97D30300518931 /* 7.jpg */; };
		06B453EA1C97D30300518931 /* 8.jpg in Resources */ = {isa = PBXBuildFile; fileRef = 06B453E01C97D30300518931 /* 8.jpg */; };
		06B453EB1C97D30300518931 /* imageInfo.plist in Resources */ = {isa = PBXBuildFile; fileRef = 06B453E11C97D30300518931 /* imageInfo.plist */; };
		06B47EFC1CB53B6600255C7E /* IntegralExchangeViewController.m in Sources */ = {isa = PBXBuildFile; fileRef = 06B47EFB1CB53B6600255C7E /* IntegralExchangeViewController.m */; };
		06B47F001CB53D5000255C7E /* IntegralLuckyDrawViewController.m in Sources */ = {isa = PBXBuildFile; fileRef = 06B47EFF1CB53D5000255C7E /* IntegralLuckyDrawViewController.m */; };
		06B90BE61C9A78C900130C61 /* homeTBInfo.plist in Resources */ = {isa = PBXBuildFile; fileRef = 06B90BE51C9A78C900130C61 /* homeTBInfo.plist */; };
		06BA43721CA63923009E4D78 /* BestSellersCollectionViewCell.m in Sources */ = {isa = PBXBuildFile; fileRef = 06BA43641CA63923009E4D78 /* BestSellersCollectionViewCell.m */; };
		06BA43731CA63923009E4D78 /* CellMallCommodity.m in Sources */ = {isa = PBXBuildFile; fileRef = 06BA43661CA63923009E4D78 /* CellMallCommodity.m */; };
		06BA43741CA63923009E4D78 /* CommodityFoods.plist in Resources */ = {isa = PBXBuildFile; fileRef = 06BA43671CA63923009E4D78 /* CommodityFoods.plist */; };
		06BA43751CA63923009E4D78 /* CommodityHealthProducts.plist in Resources */ = {isa = PBXBuildFile; fileRef = 06BA43681CA63923009E4D78 /* CommodityHealthProducts.plist */; };
		06BA43761CA63923009E4D78 /* FourLevelViewController.m in Sources */ = {isa = PBXBuildFile; fileRef = 06BA436A1CA63923009E4D78 /* FourLevelViewController.m */; };
		06BA43771CA63923009E4D78 /* IntegratedMallViewController.m in Sources */ = {isa = PBXBuildFile; fileRef = 06BA436C1CA63923009E4D78 /* IntegratedMallViewController.m */; };
		06BA43781CA63923009E4D78 /* PSCommodityType.plist in Resources */ = {isa = PBXBuildFile; fileRef = 06BA436D1CA63923009E4D78 /* PSCommodityType.plist */; };
		06BA43791CA63923009E4D78 /* SecondLevelViewController.m in Sources */ = {isa = PBXBuildFile; fileRef = 06BA436F1CA63923009E4D78 /* SecondLevelViewController.m */; };
		06BA437A1CA63923009E4D78 /* ThreeLevelViewController.m in Sources */ = {isa = PBXBuildFile; fileRef = 06BA43711CA63923009E4D78 /* ThreeLevelViewController.m */; };
		06BA437E1CA6395D009E4D78 /* CareersServiceViewController.m in Sources */ = {isa = PBXBuildFile; fileRef = 06BA437D1CA6395D009E4D78 /* CareersServiceViewController.m */; };
		06BAD5D41CB611EE00393B3A /* HydropowerPaymentViewController.m in Sources */ = {isa = PBXBuildFile; fileRef = 06BAD5D31CB611EE00393B3A /* HydropowerPaymentViewController.m */; };
		06BD8A601C9BBCB0003C15FC /* dependenticon.png in Resources */ = {isa = PBXBuildFile; fileRef = 06BD8A5B1C9BBCB0003C15FC /* dependenticon.png */; };
		06BD8A611C9BBCB0003C15FC /* doubleicon.png in Resources */ = {isa = PBXBuildFile; fileRef = 06BD8A5C1C9BBCB0003C15FC /* doubleicon.png */; };
		06BD8A621C9BBCB0003C15FC /* Home.png in Resources */ = {isa = PBXBuildFile; fileRef = 06BD8A5D1C9BBCB0003C15FC /* Home.png */; };
		06BD8A631C9BBCB0003C15FC /* toolicon.png in Resources */ = {isa = PBXBuildFile; fileRef = 06BD8A5E1C9BBCB0003C15FC /* toolicon.png */; };
		06BD8A641C9BBCB0003C15FC /* work.png in Resources */ = {isa = PBXBuildFile; fileRef = 06BD8A5F1C9BBCB0003C15FC /* work.png */; };
		06BD8A671C9BBFD3003C15FC /* DailyFuncInfo.plist in Resources */ = {isa = PBXBuildFile; fileRef = 06BD8A661C9BBFD3003C15FC /* DailyFuncInfo.plist */; };
		06BD8A6A1C9BC391003C15FC /* ProvideServicesInfo.plist in Resources */ = {isa = PBXBuildFile; fileRef = 06BD8A691C9BC391003C15FC /* ProvideServicesInfo.plist */; };
		06BF74001CD31ADA00B37422 /* CustomControls.bundle in Resources */ = {isa = PBXBuildFile; fileRef = 06BF73FF1CD31ADA00B37422 /* CustomControls.bundle */; };
		06C2063F1C9E8D64009A0915 /* RootViewController.m in Sources */ = {isa = PBXBuildFile; fileRef = 06C2063E1C9E8D64009A0915 /* RootViewController.m */; };
		06C7E2111CAFB8DC001390CB /* KxMenu.m in Sources */ = {isa = PBXBuildFile; fileRef = 06C7E2101CAFB8DC001390CB /* KxMenu.m */; };
		06C7E2131CAFBA42001390CB /* CoreGraphics.framework in Frameworks */ = {isa = PBXBuildFile; fileRef = 06C7E2121CAFBA42001390CB /* CoreGraphics.framework */; };
		06C7E2151CAFBA54001390CB /* UIKit.framework in Frameworks */ = {isa = PBXBuildFile; fileRef = 06C7E2141CAFBA54001390CB /* UIKit.framework */; };
		06C7E2171CAFBA5E001390CB /* Foundation.framework in Frameworks */ = {isa = PBXBuildFile; fileRef = 06C7E2161CAFBA5E001390CB /* Foundation.framework */; };
		06C95EA01CA8ED9B00779FDA /* ProductDetailsViewController.m in Sources */ = {isa = PBXBuildFile; fileRef = 06C95E9F1CA8ED9B00779FDA /* ProductDetailsViewController.m */; };
		06C95EA31CA8EEAE00779FDA /* test.html in Resources */ = {isa = PBXBuildFile; fileRef = 06C95EA21CA8EEAE00779FDA /* test.html */; };
		06CBC7791CABF50C00A84AC6 /* ToolBarItemOrderInfo.m in Sources */ = {isa = PBXBuildFile; fileRef = 06CBC7781CABF50C00A84AC6 /* ToolBarItemOrderInfo.m */; };
		06D28FF21CAB8C1E00365D75 /* PopularOptionsCollectionCell.m in Sources */ = {isa = PBXBuildFile; fileRef = 06D28FF11CAB8C1E00365D75 /* PopularOptionsCollectionCell.m */; };
		06D28FF41CAB8D1900365D75 /* PersonalPopularOptionsInfo.plist in Resources */ = {isa = PBXBuildFile; fileRef = 06D28FF31CAB8D1900365D75 /* PersonalPopularOptionsInfo.plist */; };
		06DF76C91CAE300B00833AC1 /* HealthTourismInfo.plist in Resources */ = {isa = PBXBuildFile; fileRef = 06DF76C81CAE300B00833AC1 /* HealthTourismInfo.plist */; };
		06F073461CA94B6D00BB9436 /* FMDatabase.m in Sources */ = {isa = PBXBuildFile; fileRef = 06F0733B1CA94B6D00BB9436 /* FMDatabase.m */; };
		06F073471CA94B6D00BB9436 /* FMDatabaseAdditions.m in Sources */ = {isa = PBXBuildFile; fileRef = 06F0733D1CA94B6D00BB9436 /* FMDatabaseAdditions.m */; };
		06F073481CA94B6D00BB9436 /* FMDatabasePool.m in Sources */ = {isa = PBXBuildFile; fileRef = 06F0733F1CA94B6D00BB9436 /* FMDatabasePool.m */; };
		06F073491CA94B6D00BB9436 /* FMDatabaseQueue.m in Sources */ = {isa = PBXBuildFile; fileRef = 06F073411CA94B6D00BB9436 /* FMDatabaseQueue.m */; };
		06F0734A1CA94B6D00BB9436 /* FMResultSet.m in Sources */ = {isa = PBXBuildFile; fileRef = 06F073441CA94B6D00BB9436 /* FMResultSet.m */; };
		06F0734B1CA94B6D00BB9436 /* Info.plist in Resources */ = {isa = PBXBuildFile; fileRef = 06F073451CA94B6D00BB9436 /* Info.plist */; };
		06F0734D1CA94EDD00BB9436 /* libsqlite3.tbd in Frameworks */ = {isa = PBXBuildFile; fileRef = 06F0734C1CA94EDD00BB9436 /* libsqlite3.tbd */; };
		06F073501CA95BA200BB9436 /* CellShoppingList.m in Sources */ = {isa = PBXBuildFile; fileRef = 06F0734F1CA95BA200BB9436 /* CellShoppingList.m */; };
		06F0A9931CB8A0FE006A8180 /* ShowNormalNavBarViewController.m in Sources */ = {isa = PBXBuildFile; fileRef = 06F0A9921CB8A0FE006A8180 /* ShowNormalNavBarViewController.m */; };
		06F0A9971CB8A5AB006A8180 /* AddCreditViewController.m in Sources */ = {isa = PBXBuildFile; fileRef = 06F0A9961CB8A5AB006A8180 /* AddCreditViewController.m */; };
		06F0A99B1CB8A99E006A8180 /* CreditCardPaymentViewController.m in Sources */ = {isa = PBXBuildFile; fileRef = 06F0A99A1CB8A99E006A8180 /* CreditCardPaymentViewController.m */; };
		06F0A99F1CB8AC00006A8180 /* TicketOrderingViewController.m in Sources */ = {isa = PBXBuildFile; fileRef = 06F0A99E1CB8AC00006A8180 /* TicketOrderingViewController.m */; };
		06F0A9A31CB8AD90006A8180 /* HotelBookingViewController.m in Sources */ = {isa = PBXBuildFile; fileRef = 06F0A9A21CB8AD90006A8180 /* HotelBookingViewController.m */; };
		06F0A9A71CB8AEA8006A8180 /* MyCollectionViewController.m in Sources */ = {isa = PBXBuildFile; fileRef = 06F0A9A61CB8AEA8006A8180 /* MyCollectionViewController.m */; };
		06F0A9AB1CB8AFD1006A8180 /* AttractionsTicketsViewController.m in Sources */ = {isa = PBXBuildFile; fileRef = 06F0A9AA1CB8AFD1006A8180 /* AttractionsTicketsViewController.m */; };
		06FD907D1CA2553F0041BB50 /* ProvideServicesViewController.m in Sources */ = {isa = PBXBuildFile; fileRef = 06FD907C1CA2553F0041BB50 /* ProvideServicesViewController.m */; };
		06FD90881CA25A3A0041BB50 /* CartViewController.m in Sources */ = {isa = PBXBuildFile; fileRef = 06FD90871CA25A3A0041BB50 /* CartViewController.m */; };
/* End PBXBuildFile section */

/* Begin PBXFileReference section */
		060152451CACEA7400064915 /* HealthTourismViewController.h */ = {isa = PBXFileReference; fileEncoding = 4; lastKnownFileType = sourcecode.c.h; path = HealthTourismViewController.h; sourceTree = "<group>"; };
		060152461CACEA7400064915 /* HealthTourismViewController.m */ = {isa = PBXFileReference; fileEncoding = 4; lastKnownFileType = sourcecode.c.objc; path = HealthTourismViewController.m; sourceTree = "<group>"; };
		060152481CACED9800064915 /* TourismTableViewCell.h */ = {isa = PBXFileReference; fileEncoding = 4; lastKnownFileType = sourcecode.c.h; path = TourismTableViewCell.h; sourceTree = "<group>"; };
		060152491CACED9800064915 /* TourismTableViewCell.m */ = {isa = PBXFileReference; fileEncoding = 4; lastKnownFileType = sourcecode.c.objc; path = TourismTableViewCell.m; sourceTree = "<group>"; };
		06035FD11CB76989003FA60A /* nav_background.png */ = {isa = PBXFileReference; lastKnownFileType = image.png; path = nav_background.png; sourceTree = "<group>"; };
		06035FD31CB77983003FA60A /* ProvideServices.storyboard */ = {isa = PBXFileReference; fileEncoding = 4; lastKnownFileType = file.storyboard; path = ProvideServices.storyboard; sourceTree = "<group>"; };
		0609F84F1CAA3AE30004E8FA /* ProvSerCollectionCell.h */ = {isa = PBXFileReference; fileEncoding = 4; lastKnownFileType = sourcecode.c.h; path = ProvSerCollectionCell.h; sourceTree = "<group>"; };
		0609F8501CAA3AE30004E8FA /* ProvSerCollectionCell.m */ = {isa = PBXFileReference; fileEncoding = 4; lastKnownFileType = sourcecode.c.objc; path = ProvSerCollectionCell.m; sourceTree = "<group>"; };
		0609F8521CAA45900004E8FA /* PersonalViewController.h */ = {isa = PBXFileReference; fileEncoding = 4; lastKnownFileType = sourcecode.c.h; name = PersonalViewController.h; path = " Personal/PersonalViewController.h"; sourceTree = "<group>"; };
		0609F8531CAA45900004E8FA /* PersonalViewController.m */ = {isa = PBXFileReference; fileEncoding = 4; lastKnownFileType = sourcecode.c.objc; name = PersonalViewController.m; path = " Personal/PersonalViewController.m"; sourceTree = "<group>"; };
		060A810E1C92893E00CAD221 /* wxpalm.app */ = {isa = PBXFileReference; explicitFileType = wrapper.application; includeInIndex = 0; path = wxpalm.app; sourceTree = BUILT_PRODUCTS_DIR; };
		060A81121C92893E00CAD221 /* main.m */ = {isa = PBXFileReference; lastKnownFileType = sourcecode.c.objc; path = main.m; sourceTree = "<group>"; };
		060A81141C92893E00CAD221 /* AppDelegate.h */ = {isa = PBXFileReference; lastKnownFileType = sourcecode.c.h; path = AppDelegate.h; sourceTree = "<group>"; };
		060A81151C92893E00CAD221 /* AppDelegate.m */ = {isa = PBXFileReference; lastKnownFileType = sourcecode.c.objc; path = AppDelegate.m; sourceTree = "<group>"; };
		060A81171C92893E00CAD221 /* ViewController.h */ = {isa = PBXFileReference; lastKnownFileType = sourcecode.c.h; path = ViewController.h; sourceTree = "<group>"; };
		060A81181C92893E00CAD221 /* ViewController.m */ = {isa = PBXFileReference; lastKnownFileType = sourcecode.c.objc; path = ViewController.m; sourceTree = "<group>"; };
		060A811B1C92893E00CAD221 /* Base */ = {isa = PBXFileReference; lastKnownFileType = file.storyboard; name = Base; path = Base.lproj/Main.storyboard; sourceTree = "<group>"; };
		060A811D1C92893E00CAD221 /* Assets.xcassets */ = {isa = PBXFileReference; lastKnownFileType = folder.assetcatalog; path = Assets.xcassets; sourceTree = "<group>"; };
		060A81201C92893E00CAD221 /* Base */ = {isa = PBXFileReference; lastKnownFileType = file.storyboard; name = Base; path = Base.lproj/LaunchScreen.storyboard; sourceTree = "<group>"; };
		060A81221C92893E00CAD221 /* Info.plist */ = {isa = PBXFileReference; lastKnownFileType = text.plist.xml; path = Info.plist; sourceTree = "<group>"; };
		060A812D1C928E9E00CAD221 /* clockicon.png */ = {isa = PBXFileReference; lastKnownFileType = image.png; path = clockicon.png; sourceTree = "<group>"; };
		060A812E1C928E9E00CAD221 /* dependenticon.png */ = {isa = PBXFileReference; lastKnownFileType = image.png; path = dependenticon.png; sourceTree = "<group>"; };
		060A812F1C928E9E00CAD221 /* doubleicon.png */ = {isa = PBXFileReference; lastKnownFileType = image.png; path = doubleicon.png; sourceTree = "<group>"; };
		060A81311C928E9E00CAD221 /* toolicon.png */ = {isa = PBXFileReference; lastKnownFileType = image.png; path = toolicon.png; sourceTree = "<group>"; };
		060A81371C928EE800CAD221 /* Home.png */ = {isa = PBXFileReference; lastKnownFileType = image.png; path = Home.png; sourceTree = "<group>"; };
		066D12141CC9ECF90035B443 /* CustomControls.framework */ = {isa = PBXFileReference; lastKnownFileType = wrapper.framework; name = CustomControls.framework; path = wxpalm/CustomControls.framework; sourceTree = "<group>"; };
		06734A041CB7C4B100A043AF /* ic_back.png */ = {isa = PBXFileReference; lastKnownFileType = image.png; path = ic_back.png; sourceTree = "<group>"; };
		06734A0C1CB7D8C500A043AF /* PublicFuncObject.h */ = {isa = PBXFileReference; fileEncoding = 4; lastKnownFileType = sourcecode.c.h; path = PublicFuncObject.h; sourceTree = "<group>"; };
		06734A0D1CB7D8C500A043AF /* PublicFuncObject.m */ = {isa = PBXFileReference; fileEncoding = 4; lastKnownFileType = sourcecode.c.objc; path = PublicFuncObject.m; sourceTree = "<group>"; };
		06734A0F1CB7DB1B00A043AF /* NormalNavBarViewController.h */ = {isa = PBXFileReference; fileEncoding = 4; lastKnownFileType = sourcecode.c.h; path = NormalNavBarViewController.h; sourceTree = "<group>"; };
		06734A101CB7DB1B00A043AF /* NormalNavBarViewController.m */ = {isa = PBXFileReference; fileEncoding = 4; lastKnownFileType = sourcecode.c.objc; path = NormalNavBarViewController.m; sourceTree = "<group>"; };
		067742601C99701600C39680 /* HomeDFCollectionViewCell.h */ = {isa = PBXFileReference; fileEncoding = 4; lastKnownFileType = sourcecode.c.h; path = HomeDFCollectionViewCell.h; sourceTree = "<group>"; };
		067742611C99701600C39680 /* HomeDFCollectionViewCell.m */ = {isa = PBXFileReference; fileEncoding = 4; lastKnownFileType = sourcecode.c.objc; path = HomeDFCollectionViewCell.m; sourceTree = "<group>"; };
		067742621C99701600C39680 /* HomeTBCollectionViewCell.h */ = {isa = PBXFileReference; fileEncoding = 4; lastKnownFileType = sourcecode.c.h; path = HomeTBCollectionViewCell.h; sourceTree = "<group>"; };
		067742631C99701600C39680 /* HomeTBCollectionViewCell.m */ = {isa = PBXFileReference; fileEncoding = 4; lastKnownFileType = sourcecode.c.objc; path = HomeTBCollectionViewCell.m; sourceTree = "<group>"; };
		067742641C99701600C39680 /* HomeViewController.h */ = {isa = PBXFileReference; fileEncoding = 4; lastKnownFileType = sourcecode.c.h; path = HomeViewController.h; sourceTree = "<group>"; };
		067742651C99701600C39680 /* HomeViewController.m */ = {isa = PBXFileReference; fileEncoding = 4; lastKnownFileType = sourcecode.c.objc; path = HomeViewController.m; sourceTree = "<group>"; };
		067742671C99701600C39680 /* TVCellDailyFuncCollection.h */ = {isa = PBXFileReference; fileEncoding = 4; lastKnownFileType = sourcecode.c.h; path = TVCellDailyFuncCollection.h; sourceTree = "<group>"; };
		067742681C99701600C39680 /* TVCellDailyFuncCollection.m */ = {isa = PBXFileReference; fileEncoding = 4; lastKnownFileType = sourcecode.c.objc; path = TVCellDailyFuncCollection.m; sourceTree = "<group>"; };
		067742691C99701600C39680 /* TVCellIAMIC.h */ = {isa = PBXFileReference; fileEncoding = 4; lastKnownFileType = sourcecode.c.h; path = TVCellIAMIC.h; sourceTree = "<group>"; };
		0677426A1C99701600C39680 /* TVCellIAMIC.m */ = {isa = PBXFileReference; fileEncoding = 4; lastKnownFileType = sourcecode.c.objc; path = TVCellIAMIC.m; sourceTree = "<group>"; };
		0677426B1C99701600C39680 /* TVCellTBCollection.h */ = {isa = PBXFileReference; fileEncoding = 4; lastKnownFileType = sourcecode.c.h; path = TVCellTBCollection.h; sourceTree = "<group>"; };
		0677426C1C99701600C39680 /* TVCellTBCollection.m */ = {isa = PBXFileReference; fileEncoding = 4; lastKnownFileType = sourcecode.c.objc; path = TVCellTBCollection.m; sourceTree = "<group>"; };
		067AA52B1CBB592500C5825D /* PSCellBorder.png */ = {isa = PBXFileReference; lastKnownFileType = image.png; path = PSCellBorder.png; sourceTree = "<group>"; };
		06B453D81C97D30300518931 /* 0.jpg */ = {isa = PBXFileReference; lastKnownFileType = image.jpeg; path = 0.jpg; sourceTree = "<group>"; };
		06B453D91C97D30300518931 /* 1.jpg */ = {isa = PBXFileReference; lastKnownFileType = image.jpeg; path = 1.jpg; sourceTree = "<group>"; };
		06B453DA1C97D30300518931 /* 2.jpg */ = {isa = PBXFileReference; lastKnownFileType = image.jpeg; path = 2.jpg; sourceTree = "<group>"; };
		06B453DB1C97D30300518931 /* 3.jpg */ = {isa = PBXFileReference; lastKnownFileType = image.jpeg; path = 3.jpg; sourceTree = "<group>"; };
		06B453DC1C97D30300518931 /* 4.jpg */ = {isa = PBXFileReference; lastKnownFileType = image.jpeg; path = 4.jpg; sourceTree = "<group>"; };
		06B453DD1C97D30300518931 /* 5.jpg */ = {isa = PBXFileReference; lastKnownFileType = image.jpeg; path = 5.jpg; sourceTree = "<group>"; };
		06B453DE1C97D30300518931 /* 6.jpg */ = {isa = PBXFileReference; lastKnownFileType = image.jpeg; path = 6.jpg; sourceTree = "<group>"; };
		06B453DF1C97D30300518931 /* 7.jpg */ = {isa = PBXFileReference; lastKnownFileType = image.jpeg; path = 7.jpg; sourceTree = "<group>"; };
		06B453E01C97D30300518931 /* 8.jpg */ = {isa = PBXFileReference; lastKnownFileType = image.jpeg; path = 8.jpg; sourceTree = "<group>"; };
		06B453E11C97D30300518931 /* imageInfo.plist */ = {isa = PBXFileReference; fileEncoding = 4; lastKnownFileType = text.plist.xml; path = imageInfo.plist; sourceTree = "<group>"; };
		06B47EFA1CB53B6600255C7E /* IntegralExchangeViewController.h */ = {isa = PBXFileReference; fileEncoding = 4; lastKnownFileType = sourcecode.c.h; path = IntegralExchangeViewController.h; sourceTree = "<group>"; };
		06B47EFB1CB53B6600255C7E /* IntegralExchangeViewController.m */ = {isa = PBXFileReference; fileEncoding = 4; lastKnownFileType = sourcecode.c.objc; path = IntegralExchangeViewController.m; sourceTree = "<group>"; };
		06B47EFE1CB53D5000255C7E /* IntegralLuckyDrawViewController.h */ = {isa = PBXFileReference; fileEncoding = 4; lastKnownFileType = sourcecode.c.h; name = IntegralLuckyDrawViewController.h; path = IntegralLuckyDraw/IntegralLuckyDrawViewController.h; sourceTree = "<group>"; };
		06B47EFF1CB53D5000255C7E /* IntegralLuckyDrawViewController.m */ = {isa = PBXFileReference; fileEncoding = 4; lastKnownFileType = sourcecode.c.objc; name = IntegralLuckyDrawViewController.m; path = IntegralLuckyDraw/IntegralLuckyDrawViewController.m; sourceTree = "<group>"; };
		06B90BE51C9A78C900130C61 /* homeTBInfo.plist */ = {isa = PBXFileReference; fileEncoding = 4; lastKnownFileType = text.plist.xml; path = homeTBInfo.plist; sourceTree = "<group>"; };
		06BA43631CA63923009E4D78 /* BestSellersCollectionViewCell.h */ = {isa = PBXFileReference; fileEncoding = 4; lastKnownFileType = sourcecode.c.h; path = BestSellersCollectionViewCell.h; sourceTree = "<group>"; };
		06BA43641CA63923009E4D78 /* BestSellersCollectionViewCell.m */ = {isa = PBXFileReference; fileEncoding = 4; lastKnownFileType = sourcecode.c.objc; path = BestSellersCollectionViewCell.m; sourceTree = "<group>"; };
		06BA43651CA63923009E4D78 /* CellMallCommodity.h */ = {isa = PBXFileReference; fileEncoding = 4; lastKnownFileType = sourcecode.c.h; path = CellMallCommodity.h; sourceTree = "<group>"; };
		06BA43661CA63923009E4D78 /* CellMallCommodity.m */ = {isa = PBXFileReference; fileEncoding = 4; lastKnownFileType = sourcecode.c.objc; path = CellMallCommodity.m; sourceTree = "<group>"; };
		06BA43671CA63923009E4D78 /* CommodityFoods.plist */ = {isa = PBXFileReference; fileEncoding = 4; lastKnownFileType = text.plist.xml; path = CommodityFoods.plist; sourceTree = "<group>"; };
		06BA43681CA63923009E4D78 /* CommodityHealthProducts.plist */ = {isa = PBXFileReference; fileEncoding = 4; lastKnownFileType = text.plist.xml; path = CommodityHealthProducts.plist; sourceTree = "<group>"; };
		06BA43691CA63923009E4D78 /* FourLevelViewController.h */ = {isa = PBXFileReference; fileEncoding = 4; lastKnownFileType = sourcecode.c.h; path = FourLevelViewController.h; sourceTree = "<group>"; };
		06BA436A1CA63923009E4D78 /* FourLevelViewController.m */ = {isa = PBXFileReference; fileEncoding = 4; lastKnownFileType = sourcecode.c.objc; path = FourLevelViewController.m; sourceTree = "<group>"; };
		06BA436B1CA63923009E4D78 /* IntegratedMallViewController.h */ = {isa = PBXFileReference; fileEncoding = 4; lastKnownFileType = sourcecode.c.h; path = IntegratedMallViewController.h; sourceTree = "<group>"; };
		06BA436C1CA63923009E4D78 /* IntegratedMallViewController.m */ = {isa = PBXFileReference; fileEncoding = 4; lastKnownFileType = sourcecode.c.objc; path = IntegratedMallViewController.m; sourceTree = "<group>"; };
		06BA436D1CA63923009E4D78 /* PSCommodityType.plist */ = {isa = PBXFileReference; fileEncoding = 4; lastKnownFileType = text.plist.xml; path = PSCommodityType.plist; sourceTree = "<group>"; };
		06BA436E1CA63923009E4D78 /* SecondLevelViewController.h */ = {isa = PBXFileReference; fileEncoding = 4; lastKnownFileType = sourcecode.c.h; path = SecondLevelViewController.h; sourceTree = "<group>"; };
		06BA436F1CA63923009E4D78 /* SecondLevelViewController.m */ = {isa = PBXFileReference; fileEncoding = 4; lastKnownFileType = sourcecode.c.objc; path = SecondLevelViewController.m; sourceTree = "<group>"; };
		06BA43701CA63923009E4D78 /* ThreeLevelViewController.h */ = {isa = PBXFileReference; fileEncoding = 4; lastKnownFileType = sourcecode.c.h; path = ThreeLevelViewController.h; sourceTree = "<group>"; };
		06BA43711CA63923009E4D78 /* ThreeLevelViewController.m */ = {isa = PBXFileReference; fileEncoding = 4; lastKnownFileType = sourcecode.c.objc; path = ThreeLevelViewController.m; sourceTree = "<group>"; };
		06BA437C1CA6395D009E4D78 /* CareersServiceViewController.h */ = {isa = PBXFileReference; fileEncoding = 4; lastKnownFileType = sourcecode.c.h; path = CareersServiceViewController.h; sourceTree = "<group>"; };
		06BA437D1CA6395D009E4D78 /* CareersServiceViewController.m */ = {isa = PBXFileReference; fileEncoding = 4; lastKnownFileType = sourcecode.c.objc; path = CareersServiceViewController.m; sourceTree = "<group>"; };
		06BAD5D21CB611EE00393B3A /* HydropowerPaymentViewController.h */ = {isa = PBXFileReference; fileEncoding = 4; lastKnownFileType = sourcecode.c.h; path = HydropowerPaymentViewController.h; sourceTree = "<group>"; };
		06BAD5D31CB611EE00393B3A /* HydropowerPaymentViewController.m */ = {isa = PBXFileReference; fileEncoding = 4; lastKnownFileType = sourcecode.c.objc; path = HydropowerPaymentViewController.m; sourceTree = "<group>"; };
		06BD8A5B1C9BBCB0003C15FC /* dependenticon.png */ = {isa = PBXFileReference; lastKnownFileType = image.png; path = dependenticon.png; sourceTree = "<group>"; };
		06BD8A5C1C9BBCB0003C15FC /* doubleicon.png */ = {isa = PBXFileReference; lastKnownFileType = image.png; path = doubleicon.png; sourceTree = "<group>"; };
		06BD8A5D1C9BBCB0003C15FC /* Home.png */ = {isa = PBXFileReference; lastKnownFileType = image.png; path = Home.png; sourceTree = "<group>"; };
		06BD8A5E1C9BBCB0003C15FC /* toolicon.png */ = {isa = PBXFileReference; lastKnownFileType = image.png; path = toolicon.png; sourceTree = "<group>"; };
		06BD8A5F1C9BBCB0003C15FC /* work.png */ = {isa = PBXFileReference; lastKnownFileType = image.png; path = work.png; sourceTree = "<group>"; };
		06BD8A661C9BBFD3003C15FC /* DailyFuncInfo.plist */ = {isa = PBXFileReference; fileEncoding = 4; lastKnownFileType = text.plist.xml; path = DailyFuncInfo.plist; sourceTree = "<group>"; };
		06BD8A691C9BC391003C15FC /* ProvideServicesInfo.plist */ = {isa = PBXFileReference; fileEncoding = 4; lastKnownFileType = text.plist.xml; path = ProvideServicesInfo.plist; sourceTree = "<group>"; };
		06BF73FF1CD31ADA00B37422 /* CustomControls.bundle */ = {isa = PBXFileReference; lastKnownFileType = "wrapper.plug-in"; name = CustomControls.bundle; path = wxpalm/CustomControls.bundle; sourceTree = "<group>"; };
		06C2063D1C9E8D64009A0915 /* RootViewController.h */ = {isa = PBXFileReference; fileEncoding = 4; lastKnownFileType = sourcecode.c.h; path = RootViewController.h; sourceTree = "<group>"; };
		06C2063E1C9E8D64009A0915 /* RootViewController.m */ = {isa = PBXFileReference; fileEncoding = 4; lastKnownFileType = sourcecode.c.objc; path = RootViewController.m; sourceTree = "<group>"; };
		06C7E20F1CAFB8DC001390CB /* KxMenu.h */ = {isa = PBXFileReference; fileEncoding = 4; lastKnownFileType = sourcecode.c.h; path = KxMenu.h; sourceTree = "<group>"; };
		06C7E2101CAFB8DC001390CB /* KxMenu.m */ = {isa = PBXFileReference; fileEncoding = 4; lastKnownFileType = sourcecode.c.objc; path = KxMenu.m; sourceTree = "<group>"; };
		06C7E2121CAFBA42001390CB /* CoreGraphics.framework */ = {isa = PBXFileReference; lastKnownFileType = wrapper.framework; name = CoreGraphics.framework; path = System/Library/Frameworks/CoreGraphics.framework; sourceTree = SDKROOT; };
		06C7E2141CAFBA54001390CB /* UIKit.framework */ = {isa = PBXFileReference; lastKnownFileType = wrapper.framework; name = UIKit.framework; path = System/Library/Frameworks/UIKit.framework; sourceTree = SDKROOT; };
		06C7E2161CAFBA5E001390CB /* Foundation.framework */ = {isa = PBXFileReference; lastKnownFileType = wrapper.framework; name = Foundation.framework; path = System/Library/Frameworks/Foundation.framework; sourceTree = SDKROOT; };
		06C95E9E1CA8ED9B00779FDA /* ProductDetailsViewController.h */ = {isa = PBXFileReference; fileEncoding = 4; lastKnownFileType = sourcecode.c.h; path = ProductDetailsViewController.h; sourceTree = "<group>"; };
		06C95E9F1CA8ED9B00779FDA /* ProductDetailsViewController.m */ = {isa = PBXFileReference; fileEncoding = 4; lastKnownFileType = sourcecode.c.objc; path = ProductDetailsViewController.m; sourceTree = "<group>"; };
		06C95EA21CA8EEAE00779FDA /* test.html */ = {isa = PBXFileReference; fileEncoding = 4; lastKnownFileType = text.html; path = test.html; sourceTree = "<group>"; };
		06CBC7771CABF50C00A84AC6 /* ToolBarItemOrderInfo.h */ = {isa = PBXFileReference; fileEncoding = 4; lastKnownFileType = sourcecode.c.h; name = ToolBarItemOrderInfo.h; path = " Personal/ToolBarItemOrderInfo.h"; sourceTree = "<group>"; };
		06CBC7781CABF50C00A84AC6 /* ToolBarItemOrderInfo.m */ = {isa = PBXFileReference; fileEncoding = 4; lastKnownFileType = sourcecode.c.objc; name = ToolBarItemOrderInfo.m; path = " Personal/ToolBarItemOrderInfo.m"; sourceTree = "<group>"; };
		06D28FF01CAB8C1E00365D75 /* PopularOptionsCollectionCell.h */ = {isa = PBXFileReference; fileEncoding = 4; lastKnownFileType = sourcecode.c.h; name = PopularOptionsCollectionCell.h; path = " Personal/PopularOptionsCollectionCell.h"; sourceTree = "<group>"; };
		06D28FF11CAB8C1E00365D75 /* PopularOptionsCollectionCell.m */ = {isa = PBXFileReference; fileEncoding = 4; lastKnownFileType = sourcecode.c.objc; name = PopularOptionsCollectionCell.m; path = " Personal/PopularOptionsCollectionCell.m"; sourceTree = "<group>"; };
		06D28FF31CAB8D1900365D75 /* PersonalPopularOptionsInfo.plist */ = {isa = PBXFileReference; fileEncoding = 4; lastKnownFileType = text.plist.xml; name = PersonalPopularOptionsInfo.plist; path = " Personal/PersonalPopularOptionsInfo.plist"; sourceTree = "<group>"; };
		06DF76C81CAE300B00833AC1 /* HealthTourismInfo.plist */ = {isa = PBXFileReference; fileEncoding = 4; lastKnownFileType = text.plist.xml; path = HealthTourismInfo.plist; sourceTree = "<group>"; };
		06EB6ABF1C9FBC5600FBC6A1 /* macroDefine.h */ = {isa = PBXFileReference; fileEncoding = 4; lastKnownFileType = sourcecode.c.h; path = macroDefine.h; sourceTree = "<group>"; };
		06F0733A1CA94B6D00BB9436 /* FMDatabase.h */ = {isa = PBXFileReference; fileEncoding = 4; lastKnownFileType = sourcecode.c.h; path = FMDatabase.h; sourceTree = "<group>"; };
		06F0733B1CA94B6D00BB9436 /* FMDatabase.m */ = {isa = PBXFileReference; fileEncoding = 4; lastKnownFileType = sourcecode.c.objc; path = FMDatabase.m; sourceTree = "<group>"; };
		06F0733C1CA94B6D00BB9436 /* FMDatabaseAdditions.h */ = {isa = PBXFileReference; fileEncoding = 4; lastKnownFileType = sourcecode.c.h; path = FMDatabaseAdditions.h; sourceTree = "<group>"; };
		06F0733D1CA94B6D00BB9436 /* FMDatabaseAdditions.m */ = {isa = PBXFileReference; fileEncoding = 4; lastKnownFileType = sourcecode.c.objc; path = FMDatabaseAdditions.m; sourceTree = "<group>"; };
		06F0733E1CA94B6D00BB9436 /* FMDatabasePool.h */ = {isa = PBXFileReference; fileEncoding = 4; lastKnownFileType = sourcecode.c.h; path = FMDatabasePool.h; sourceTree = "<group>"; };
		06F0733F1CA94B6D00BB9436 /* FMDatabasePool.m */ = {isa = PBXFileReference; fileEncoding = 4; lastKnownFileType = sourcecode.c.objc; path = FMDatabasePool.m; sourceTree = "<group>"; };
		06F073401CA94B6D00BB9436 /* FMDatabaseQueue.h */ = {isa = PBXFileReference; fileEncoding = 4; lastKnownFileType = sourcecode.c.h; path = FMDatabaseQueue.h; sourceTree = "<group>"; };
		06F073411CA94B6D00BB9436 /* FMDatabaseQueue.m */ = {isa = PBXFileReference; fileEncoding = 4; lastKnownFileType = sourcecode.c.objc; path = FMDatabaseQueue.m; sourceTree = "<group>"; };
		06F073421CA94B6D00BB9436 /* FMDB.h */ = {isa = PBXFileReference; fileEncoding = 4; lastKnownFileType = sourcecode.c.h; path = FMDB.h; sourceTree = "<group>"; };
		06F073431CA94B6D00BB9436 /* FMResultSet.h */ = {isa = PBXFileReference; fileEncoding = 4; lastKnownFileType = sourcecode.c.h; path = FMResultSet.h; sourceTree = "<group>"; };
		06F073441CA94B6D00BB9436 /* FMResultSet.m */ = {isa = PBXFileReference; fileEncoding = 4; lastKnownFileType = sourcecode.c.objc; path = FMResultSet.m; sourceTree = "<group>"; };
		06F073451CA94B6D00BB9436 /* Info.plist */ = {isa = PBXFileReference; fileEncoding = 4; lastKnownFileType = text.plist.xml; path = Info.plist; sourceTree = "<group>"; };
		06F0734C1CA94EDD00BB9436 /* libsqlite3.tbd */ = {isa = PBXFileReference; lastKnownFileType = "sourcecode.text-based-dylib-definition"; name = libsqlite3.tbd; path = usr/lib/libsqlite3.tbd; sourceTree = SDKROOT; };
		06F0734E1CA95BA200BB9436 /* CellShoppingList.h */ = {isa = PBXFileReference; fileEncoding = 4; lastKnownFileType = sourcecode.c.h; name = CellShoppingList.h; path = Cart/CellShoppingList.h; sourceTree = "<group>"; };
		06F0734F1CA95BA200BB9436 /* CellShoppingList.m */ = {isa = PBXFileReference; fileEncoding = 4; lastKnownFileType = sourcecode.c.objc; name = CellShoppingList.m; path = Cart/CellShoppingList.m; sourceTree = "<group>"; };
		06F0A9911CB8A0FE006A8180 /* ShowNormalNavBarViewController.h */ = {isa = PBXFileReference; fileEncoding = 4; lastKnownFileType = sourcecode.c.h; path = ShowNormalNavBarViewController.h; sourceTree = "<group>"; };
		06F0A9921CB8A0FE006A8180 /* ShowNormalNavBarViewController.m */ = {isa = PBXFileReference; fileEncoding = 4; lastKnownFileType = sourcecode.c.objc; path = ShowNormalNavBarViewController.m; sourceTree = "<group>"; };
		06F0A9951CB8A5AB006A8180 /* AddCreditViewController.h */ = {isa = PBXFileReference; fileEncoding = 4; lastKnownFileType = sourcecode.c.h; path = AddCreditViewController.h; sourceTree = "<group>"; };
		06F0A9961CB8A5AB006A8180 /* AddCreditViewController.m */ = {isa = PBXFileReference; fileEncoding = 4; lastKnownFileType = sourcecode.c.objc; path = AddCreditViewController.m; sourceTree = "<group>"; };
		06F0A9991CB8A99E006A8180 /* CreditCardPaymentViewController.h */ = {isa = PBXFileReference; fileEncoding = 4; lastKnownFileType = sourcecode.c.h; path = CreditCardPaymentViewController.h; sourceTree = "<group>"; };
		06F0A99A1CB8A99E006A8180 /* CreditCardPaymentViewController.m */ = {isa = PBXFileReference; fileEncoding = 4; lastKnownFileType = sourcecode.c.objc; path = CreditCardPaymentViewController.m; sourceTree = "<group>"; };
		06F0A99D1CB8AC00006A8180 /* TicketOrderingViewController.h */ = {isa = PBXFileReference; fileEncoding = 4; lastKnownFileType = sourcecode.c.h; path = TicketOrderingViewController.h; sourceTree = "<group>"; };
		06F0A99E1CB8AC00006A8180 /* TicketOrderingViewController.m */ = {isa = PBXFileReference; fileEncoding = 4; lastKnownFileType = sourcecode.c.objc; path = TicketOrderingViewController.m; sourceTree = "<group>"; };
		06F0A9A11CB8AD90006A8180 /* HotelBookingViewController.h */ = {isa = PBXFileReference; fileEncoding = 4; lastKnownFileType = sourcecode.c.h; path = HotelBookingViewController.h; sourceTree = "<group>"; };
		06F0A9A21CB8AD90006A8180 /* HotelBookingViewController.m */ = {isa = PBXFileReference; fileEncoding = 4; lastKnownFileType = sourcecode.c.objc; path = HotelBookingViewController.m; sourceTree = "<group>"; };
		06F0A9A51CB8AEA8006A8180 /* MyCollectionViewController.h */ = {isa = PBXFileReference; fileEncoding = 4; lastKnownFileType = sourcecode.c.h; path = MyCollectionViewController.h; sourceTree = "<group>"; };
		06F0A9A61CB8AEA8006A8180 /* MyCollectionViewController.m */ = {isa = PBXFileReference; fileEncoding = 4; lastKnownFileType = sourcecode.c.objc; path = MyCollectionViewController.m; sourceTree = "<group>"; };
		06F0A9A91CB8AFD1006A8180 /* AttractionsTicketsViewController.h */ = {isa = PBXFileReference; fileEncoding = 4; lastKnownFileType = sourcecode.c.h; path = AttractionsTicketsViewController.h; sourceTree = "<group>"; };
		06F0A9AA1CB8AFD1006A8180 /* AttractionsTicketsViewController.m */ = {isa = PBXFileReference; fileEncoding = 4; lastKnownFileType = sourcecode.c.objc; path = AttractionsTicketsViewController.m; sourceTree = "<group>"; };
		06FD907B1CA2553F0041BB50 /* ProvideServicesViewController.h */ = {isa = PBXFileReference; fileEncoding = 4; lastKnownFileType = sourcecode.c.h; path = ProvideServicesViewController.h; sourceTree = "<group>"; };
		06FD907C1CA2553F0041BB50 /* ProvideServicesViewController.m */ = {isa = PBXFileReference; fileEncoding = 4; lastKnownFileType = sourcecode.c.objc; path = ProvideServicesViewController.m; sourceTree = "<group>"; };
		06FD90861CA25A3A0041BB50 /* CartViewController.h */ = {isa = PBXFileReference; fileEncoding = 4; lastKnownFileType = sourcecode.c.h; name = CartViewController.h; path = Cart/CartViewController.h; sourceTree = "<group>"; };
		06FD90871CA25A3A0041BB50 /* CartViewController.m */ = {isa = PBXFileReference; fileEncoding = 4; lastKnownFileType = sourcecode.c.objc; name = CartViewController.m; path = Cart/CartViewController.m; sourceTree = "<group>"; };
/* End PBXFileReference section */

/* Begin PBXFrameworksBuildPhase section */
		060A810B1C92893E00CAD221 /* Frameworks */ = {
			isa = PBXFrameworksBuildPhase;
			buildActionMask = 2147483647;
			files = (
				066D12151CC9ECF90035B443 /* CustomControls.framework in Frameworks */,
				06C7E2171CAFBA5E001390CB /* Foundation.framework in Frameworks */,
				06C7E2151CAFBA54001390CB /* UIKit.framework in Frameworks */,
				06C7E2131CAFBA42001390CB /* CoreGraphics.framework in Frameworks */,
				06F0734D1CA94EDD00BB9436 /* libsqlite3.tbd in Frameworks */,
			);
			runOnlyForDeploymentPostprocessing = 0;
		};
/* End PBXFrameworksBuildPhase section */

/* Begin PBXGroup section */
		060152441CACEA5700064915 /* HealthTourism */ = {
			isa = PBXGroup;
			children = (
				06DF76C81CAE300B00833AC1 /* HealthTourismInfo.plist */,
				060152451CACEA7400064915 /* HealthTourismViewController.h */,
				060152461CACEA7400064915 /* HealthTourismViewController.m */,
				060152481CACED9800064915 /* TourismTableViewCell.h */,
				060152491CACED9800064915 /* TourismTableViewCell.m */,
			);
			path = HealthTourism;
			sourceTree = "<group>";
		};
		060A81051C92893E00CAD221 = {
			isa = PBXGroup;
			children = (
				06BF73FF1CD31ADA00B37422 /* CustomControls.bundle */,
				066D12141CC9ECF90035B443 /* CustomControls.framework */,
				06C7E2161CAFBA5E001390CB /* Foundation.framework */,
				06C7E2141CAFBA54001390CB /* UIKit.framework */,
				06C7E2121CAFBA42001390CB /* CoreGraphics.framework */,
				06F0734C1CA94EDD00BB9436 /* libsqlite3.tbd */,
				06C7E20E1CAFB8DC001390CB /* KxMenu */,
				06F073391CA94B6D00BB9436 /* fmdb */,
				060A812B1C928E9E00CAD221 /* images */,
				060A81101C92893E00CAD221 /* wxpalm */,
				060A810F1C92893E00CAD221 /* Products */,
			);
			sourceTree = "<group>";
		};
		060A810F1C92893E00CAD221 /* Products */ = {
			isa = PBXGroup;
			children = (
				060A810E1C92893E00CAD221 /* wxpalm.app */,
			);
			name = Products;
			sourceTree = "<group>";
		};
		060A81101C92893E00CAD221 /* wxpalm */ = {
			isa = PBXGroup;
			children = (
				06C95EA11CA8EEAE00779FDA /* html */,
				06FD90821CA259F00041BB50 /*  Personal */,
				06FD907E1CA2563B0041BB50 /* Cart */,
				06BD8A681C9BC36F003C15FC /* ProvideServices */,
				0677425F1C99701600C39680 /* Home */,
				060A81141C92893E00CAD221 /* AppDelegate.h */,
				060A81151C92893E00CAD221 /* AppDelegate.m */,
				060A81171C92893E00CAD221 /* ViewController.h */,
				060A81181C92893E00CAD221 /* ViewController.m */,
				06EB6ABF1C9FBC5600FBC6A1 /* macroDefine.h */,
				060A811A1C92893E00CAD221 /* Main.storyboard */,
				06C2063D1C9E8D64009A0915 /* RootViewController.h */,
				06C2063E1C9E8D64009A0915 /* RootViewController.m */,
				06734A0F1CB7DB1B00A043AF /* NormalNavBarViewController.h */,
				06734A101CB7DB1B00A043AF /* NormalNavBarViewController.m */,
				06F0A9911CB8A0FE006A8180 /* ShowNormalNavBarViewController.h */,
				06F0A9921CB8A0FE006A8180 /* ShowNormalNavBarViewController.m */,
				06734A0C1CB7D8C500A043AF /* PublicFuncObject.h */,
				06734A0D1CB7D8C500A043AF /* PublicFuncObject.m */,
				060A811D1C92893E00CAD221 /* Assets.xcassets */,
				060A811F1C92893E00CAD221 /* LaunchScreen.storyboard */,
				060A81221C92893E00CAD221 /* Info.plist */,
				060A81111C92893E00CAD221 /* Supporting Files */,
			);
			path = wxpalm;
			sourceTree = "<group>";
		};
		060A81111C92893E00CAD221 /* Supporting Files */ = {
			isa = PBXGroup;
			children = (
				060A81121C92893E00CAD221 /* main.m */,
			);
			name = "Supporting Files";
			sourceTree = "<group>";
		};
		060A812B1C928E9E00CAD221 /* images */ = {
			isa = PBXGroup;
			children = (
				06734A041CB7C4B100A043AF /* ic_back.png */,
				06035FD11CB76989003FA60A /* nav_background.png */,
				06BD8A5A1C9BBCB0003C15FC /* ProvideServicesIcons */,
				06B453D61C97D30300518931 /* IAMIC */,
				060A812C1C928E9E00CAD221 /* Main Tab Bar Icons */,
			);
			name = images;
			path = wxpalm/images;
			sourceTree = "<group>";
		};
		060A812C1C928E9E00CAD221 /* Main Tab Bar Icons */ = {
			isa = PBXGroup;
			children = (
				060A81371C928EE800CAD221 /* Home.png */,
				060A812D1C928E9E00CAD221 /* clockicon.png */,
				060A812E1C928E9E00CAD221 /* dependenticon.png */,
				060A812F1C928E9E00CAD221 /* doubleicon.png */,
				060A81311C928E9E00CAD221 /* toolicon.png */,
			);
			path = "Main Tab Bar Icons";
			sourceTree = "<group>";
		};
		0677425F1C99701600C39680 /* Home */ = {
			isa = PBXGroup;
			children = (
				06BD8A661C9BBFD3003C15FC /* DailyFuncInfo.plist */,
				06B90BE51C9A78C900130C61 /* homeTBInfo.plist */,
				067742601C99701600C39680 /* HomeDFCollectionViewCell.h */,
				067742611C99701600C39680 /* HomeDFCollectionViewCell.m */,
				067742621C99701600C39680 /* HomeTBCollectionViewCell.h */,
				067742631C99701600C39680 /* HomeTBCollectionViewCell.m */,
				067742641C99701600C39680 /* HomeViewController.h */,
				067742651C99701600C39680 /* HomeViewController.m */,
				067742671C99701600C39680 /* TVCellDailyFuncCollection.h */,
				067742681C99701600C39680 /* TVCellDailyFuncCollection.m */,
				0677426B1C99701600C39680 /* TVCellTBCollection.h */,
				0677426C1C99701600C39680 /* TVCellTBCollection.m */,
				067742691C99701600C39680 /* TVCellIAMIC.h */,
				0677426A1C99701600C39680 /* TVCellIAMIC.m */,
			);
			path = Home;
			sourceTree = "<group>";
		};
		06B453D61C97D30300518931 /* IAMIC */ = {
			isa = PBXGroup;
			children = (
				06B453D71C97D30300518931 /* image */,
				06B453E11C97D30300518931 /* imageInfo.plist */,
			);
			path = IAMIC;
			sourceTree = "<group>";
		};
		06B453D71C97D30300518931 /* image */ = {
			isa = PBXGroup;
			children = (
				06B453D81C97D30300518931 /* 0.jpg */,
				06B453D91C97D30300518931 /* 1.jpg */,
				06B453DA1C97D30300518931 /* 2.jpg */,
				06B453DB1C97D30300518931 /* 3.jpg */,
				06B453DC1C97D30300518931 /* 4.jpg */,
				06B453DD1C97D30300518931 /* 5.jpg */,
				06B453DE1C97D30300518931 /* 6.jpg */,
				06B453DF1C97D30300518931 /* 7.jpg */,
				06B453E01C97D30300518931 /* 8.jpg */,
			);
			path = image;
			sourceTree = "<group>";
		};
		06B47EF91CB53B5300255C7E /* IntegralExchange */ = {
			isa = PBXGroup;
			children = (
				06B47EFA1CB53B6600255C7E /* IntegralExchangeViewController.h */,
				06B47EFB1CB53B6600255C7E /* IntegralExchangeViewController.m */,
			);
			path = IntegralExchange;
			sourceTree = "<group>";
		};
		06B47EFD1CB53D3400255C7E /* IntegralLuckyDraw */ = {
			isa = PBXGroup;
			children = (
				06B47EFE1CB53D5000255C7E /* IntegralLuckyDrawViewController.h */,
				06B47EFF1CB53D5000255C7E /* IntegralLuckyDrawViewController.m */,
			);
			name = IntegralLuckyDraw;
			sourceTree = "<group>";
		};
		06BA43621CA63923009E4D78 /* Mall */ = {
			isa = PBXGroup;
			children = (
				06BA43631CA63923009E4D78 /* BestSellersCollectionViewCell.h */,
				06BA43641CA63923009E4D78 /* BestSellersCollectionViewCell.m */,
				06BA43651CA63923009E4D78 /* CellMallCommodity.h */,
				06BA43661CA63923009E4D78 /* CellMallCommodity.m */,
				06BA43671CA63923009E4D78 /* CommodityFoods.plist */,
				06BA43681CA63923009E4D78 /* CommodityHealthProducts.plist */,
				06BA436B1CA63923009E4D78 /* IntegratedMallViewController.h */,
				06BA436C1CA63923009E4D78 /* IntegratedMallViewController.m */,
				06BA436D1CA63923009E4D78 /* PSCommodityType.plist */,
				06BA436E1CA63923009E4D78 /* SecondLevelViewController.h */,
				06BA436F1CA63923009E4D78 /* SecondLevelViewController.m */,
				06BA43701CA63923009E4D78 /* ThreeLevelViewController.h */,
				06BA43711CA63923009E4D78 /* ThreeLevelViewController.m */,
				06BA43691CA63923009E4D78 /* FourLevelViewController.h */,
				06BA436A1CA63923009E4D78 /* FourLevelViewController.m */,
				06C95E9E1CA8ED9B00779FDA /* ProductDetailsViewController.h */,
				06C95E9F1CA8ED9B00779FDA /* ProductDetailsViewController.m */,
			);
			path = Mall;
			sourceTree = "<group>";
		};
		06BA437B1CA6395D009E4D78 /* CareersService */ = {
			isa = PBXGroup;
			children = (
				06BA437C1CA6395D009E4D78 /* CareersServiceViewController.h */,
				06BA437D1CA6395D009E4D78 /* CareersServiceViewController.m */,
			);
			path = CareersService;
			sourceTree = "<group>";
		};
		06BAD5D11CB611D600393B3A /* HydropowerPayment */ = {
			isa = PBXGroup;
			children = (
				06BAD5D21CB611EE00393B3A /* HydropowerPaymentViewController.h */,
				06BAD5D31CB611EE00393B3A /* HydropowerPaymentViewController.m */,
			);
			path = HydropowerPayment;
			sourceTree = "<group>";
		};
		06BD8A5A1C9BBCB0003C15FC /* ProvideServicesIcons */ = {
			isa = PBXGroup;
			children = (
				067AA52B1CBB592500C5825D /* PSCellBorder.png */,
				06BD8A5B1C9BBCB0003C15FC /* dependenticon.png */,
				06BD8A5C1C9BBCB0003C15FC /* doubleicon.png */,
				06BD8A5D1C9BBCB0003C15FC /* Home.png */,
				06BD8A5E1C9BBCB0003C15FC /* toolicon.png */,
				06BD8A5F1C9BBCB0003C15FC /* work.png */,
			);
			path = ProvideServicesIcons;
			sourceTree = "<group>";
		};
		06BD8A681C9BC36F003C15FC /* ProvideServices */ = {
			isa = PBXGroup;
			children = (
				06F0A9A81CB8AFC6006A8180 /* AttractionsTickets */,
				06F0A9A41CB8AE9E006A8180 /* MyCollection */,
				06F0A9A01CB8AD86006A8180 /* HotelBooking */,
				06F0A99C1CB8ABF4006A8180 /* TicketOrdering */,
				06F0A9981CB8A98D006A8180 /* CreditCardPayment */,
				06F0A9941CB8A587006A8180 /* AddCredit */,
				06BAD5D11CB611D600393B3A /* HydropowerPayment */,
				06B47EFD1CB53D3400255C7E /* IntegralLuckyDraw */,
				06B47EF91CB53B5300255C7E /* IntegralExchange */,
				060152441CACEA5700064915 /* HealthTourism */,
				06BA437B1CA6395D009E4D78 /* CareersService */,
				06BA43621CA63923009E4D78 /* Mall */,
				06BD8A691C9BC391003C15FC /* ProvideServicesInfo.plist */,
				06035FD31CB77983003FA60A /* ProvideServices.storyboard */,
				06FD907B1CA2553F0041BB50 /* ProvideServicesViewController.h */,
				06FD907C1CA2553F0041BB50 /* ProvideServicesViewController.m */,
				0609F84F1CAA3AE30004E8FA /* ProvSerCollectionCell.h */,
				0609F8501CAA3AE30004E8FA /* ProvSerCollectionCell.m */,
			);
			path = ProvideServices;
			sourceTree = "<group>";
		};
		06C7E20E1CAFB8DC001390CB /* KxMenu */ = {
			isa = PBXGroup;
			children = (
				06C7E20F1CAFB8DC001390CB /* KxMenu.h */,
				06C7E2101CAFB8DC001390CB /* KxMenu.m */,
			);
			path = KxMenu;
			sourceTree = "<group>";
		};
		06C95EA11CA8EEAE00779FDA /* html */ = {
			isa = PBXGroup;
			children = (
				06C95EA21CA8EEAE00779FDA /* test.html */,
			);
			name = html;
			path = wxpalm/html;
			sourceTree = SOURCE_ROOT;
		};
		06F073391CA94B6D00BB9436 /* fmdb */ = {
			isa = PBXGroup;
			children = (
				06F0733A1CA94B6D00BB9436 /* FMDatabase.h */,
				06F0733B1CA94B6D00BB9436 /* FMDatabase.m */,
				06F0733C1CA94B6D00BB9436 /* FMDatabaseAdditions.h */,
				06F0733D1CA94B6D00BB9436 /* FMDatabaseAdditions.m */,
				06F0733E1CA94B6D00BB9436 /* FMDatabasePool.h */,
				06F0733F1CA94B6D00BB9436 /* FMDatabasePool.m */,
				06F073401CA94B6D00BB9436 /* FMDatabaseQueue.h */,
				06F073411CA94B6D00BB9436 /* FMDatabaseQueue.m */,
				06F073421CA94B6D00BB9436 /* FMDB.h */,
				06F073431CA94B6D00BB9436 /* FMResultSet.h */,
				06F073441CA94B6D00BB9436 /* FMResultSet.m */,
				06F073451CA94B6D00BB9436 /* Info.plist */,
			);
			path = fmdb;
			sourceTree = SOURCE_ROOT;
		};
		06F0A9941CB8A587006A8180 /* AddCredit */ = {
			isa = PBXGroup;
			children = (
				06F0A9951CB8A5AB006A8180 /* AddCreditViewController.h */,
				06F0A9961CB8A5AB006A8180 /* AddCreditViewController.m */,
			);
			path = AddCredit;
			sourceTree = "<group>";
		};
		06F0A9981CB8A98D006A8180 /* CreditCardPayment */ = {
			isa = PBXGroup;
			children = (
				06F0A9991CB8A99E006A8180 /* CreditCardPaymentViewController.h */,
				06F0A99A1CB8A99E006A8180 /* CreditCardPaymentViewController.m */,
			);
			path = CreditCardPayment;
			sourceTree = "<group>";
		};
		06F0A99C1CB8ABF4006A8180 /* TicketOrdering */ = {
			isa = PBXGroup;
			children = (
				06F0A99D1CB8AC00006A8180 /* TicketOrderingViewController.h */,
				06F0A99E1CB8AC00006A8180 /* TicketOrderingViewController.m */,
			);
			path = TicketOrdering;
			sourceTree = "<group>";
		};
		06F0A9A01CB8AD86006A8180 /* HotelBooking */ = {
			isa = PBXGroup;
			children = (
				06F0A9A11CB8AD90006A8180 /* HotelBookingViewController.h */,
				06F0A9A21CB8AD90006A8180 /* HotelBookingViewController.m */,
			);
			path = HotelBooking;
			sourceTree = "<group>";
		};
		06F0A9A41CB8AE9E006A8180 /* MyCollection */ = {
			isa = PBXGroup;
			children = (
				06F0A9A51CB8AEA8006A8180 /* MyCollectionViewController.h */,
				06F0A9A61CB8AEA8006A8180 /* MyCollectionViewController.m */,
			);
			path = MyCollection;
			sourceTree = "<group>";
		};
		06F0A9A81CB8AFC6006A8180 /* AttractionsTickets */ = {
			isa = PBXGroup;
			children = (
				06F0A9A91CB8AFD1006A8180 /* AttractionsTicketsViewController.h */,
				06F0A9AA1CB8AFD1006A8180 /* AttractionsTicketsViewController.m */,
			);
			path = AttractionsTickets;
			sourceTree = "<group>";
		};
		06FD907E1CA2563B0041BB50 /* Cart */ = {
			isa = PBXGroup;
			children = (
				06FD90861CA25A3A0041BB50 /* CartViewController.h */,
				06FD90871CA25A3A0041BB50 /* CartViewController.m */,
				06F0734E1CA95BA200BB9436 /* CellShoppingList.h */,
				06F0734F1CA95BA200BB9436 /* CellShoppingList.m */,
			);
			name = Cart;
			sourceTree = "<group>";
		};
		06FD90821CA259F00041BB50 /*  Personal */ = {
			isa = PBXGroup;
			children = (
				06D28FF31CAB8D1900365D75 /* PersonalPopularOptionsInfo.plist */,
				0609F8521CAA45900004E8FA /* PersonalViewController.h */,
				0609F8531CAA45900004E8FA /* PersonalViewController.m */,
				06D28FF01CAB8C1E00365D75 /* PopularOptionsCollectionCell.h */,
				06D28FF11CAB8C1E00365D75 /* PopularOptionsCollectionCell.m */,
				06CBC7771CABF50C00A84AC6 /* ToolBarItemOrderInfo.h */,
				06CBC7781CABF50C00A84AC6 /* ToolBarItemOrderInfo.m */,
			);
			name = " Personal";
			sourceTree = "<group>";
		};
/* End PBXGroup section */

/* Begin PBXNativeTarget section */
		060A810D1C92893E00CAD221 /* wxpalm */ = {
			isa = PBXNativeTarget;
			buildConfigurationList = 060A81251C92893E00CAD221 /* Build configuration list for PBXNativeTarget "wxpalm" */;
			buildPhases = (
				060A810A1C92893E00CAD221 /* Sources */,
				060A810B1C92893E00CAD221 /* Frameworks */,
				060A810C1C92893E00CAD221 /* Resources */,
			);
			buildRules = (
			);
			dependencies = (
			);
			name = wxpalm;
			productName = wxpalm;
			productReference = 060A810E1C92893E00CAD221 /* wxpalm.app */;
			productType = "com.apple.product-type.application";
		};
/* End PBXNativeTarget section */

/* Begin PBXProject section */
		060A81061C92893E00CAD221 /* Project object */ = {
			isa = PBXProject;
			attributes = {
				LastUpgradeCheck = 0720;
				ORGANIZATIONNAME = jdfemqi;
				TargetAttributes = {
					060A810D1C92893E00CAD221 = {
						CreatedOnToolsVersion = 7.2;
					};
				};
			};
			buildConfigurationList = 060A81091C92893E00CAD221 /* Build configuration list for PBXProject "wxpalm" */;
			compatibilityVersion = "Xcode 3.2";
			developmentRegion = English;
			hasScannedForEncodings = 0;
			knownRegions = (
				en,
				Base,
			);
			mainGroup = 060A81051C92893E00CAD221;
			productRefGroup = 060A810F1C92893E00CAD221 /* Products */;
			projectDirPath = "";
			projectRoot = "";
			targets = (
				060A810D1C92893E00CAD221 /* wxpalm */,
			);
		};
/* End PBXProject section */

/* Begin PBXResourcesBuildPhase section */
		060A810C1C92893E00CAD221 /* Resources */ = {
			isa = PBXResourcesBuildPhase;
			buildActionMask = 2147483647;
			files = (
				06B453E41C97D30300518931 /* 2.jpg in Resources */,
				06BD8A641C9BBCB0003C15FC /* work.png in Resources */,
				06BD8A611C9BBCB0003C15FC /* doubleicon.png in Resources */,
				06B453E21C97D30300518931 /* 0.jpg in Resources */,
				060A81211C92893E00CAD221 /* LaunchScreen.storyboard in Resources */,
				06B453E51C97D30300518931 /* 3.jpg in Resources */,
				06B453EB1C97D30300518931 /* imageInfo.plist in Resources */,
				06C95EA31CA8EEAE00779FDA /* test.html in Resources */,
				060A81341C928E9E00CAD221 /* doubleicon.png in Resources */,
				06BD8A671C9BBFD3003C15FC /* DailyFuncInfo.plist in Resources */,
				060A81321C928E9E00CAD221 /* clockicon.png in Resources */,
				060A811E1C92893E00CAD221 /* Assets.xcassets in Resources */,
				06BA43781CA63923009E4D78 /* PSCommodityType.plist in Resources */,
				060A81381C928EE800CAD221 /* Home.png in Resources */,
				06BF74001CD31ADA00B37422 /* CustomControls.bundle in Resources */,
				06BD8A6A1C9BC391003C15FC /* ProvideServicesInfo.plist in Resources */,
				060A81331C928E9E00CAD221 /* dependenticon.png in Resources */,
				06F0734B1CA94B6D00BB9436 /* Info.plist in Resources */,
				06035FD21CB76989003FA60A /* nav_background.png in Resources */,
				06D28FF41CAB8D1900365D75 /* PersonalPopularOptionsInfo.plist in Resources */,
				06B453E81C97D30300518931 /* 6.jpg in Resources */,
				060A81361C928E9E00CAD221 /* toolicon.png in Resources */,
				06BD8A601C9BBCB0003C15FC /* dependenticon.png in Resources */,
				06BD8A631C9BBCB0003C15FC /* toolicon.png in Resources */,
				06B453EA1C97D30300518931 /* 8.jpg in Resources */,
				06BD8A621C9BBCB0003C15FC /* Home.png in Resources */,
				06B453E91C97D30300518931 /* 7.jpg in Resources */,
				06B90BE61C9A78C900130C61 /* homeTBInfo.plist in Resources */,
				06BA43751CA63923009E4D78 /* CommodityHealthProducts.plist in Resources */,
				060A811C1C92893E00CAD221 /* Main.storyboard in Resources */,
				06B453E71C97D30300518931 /* 5.jpg in Resources */,
				06734A051CB7C4B100A043AF /* ic_back.png in Resources */,
				06DF76C91CAE300B00833AC1 /* HealthTourismInfo.plist in Resources */,
				06B453E31C97D30300518931 /* 1.jpg in Resources */,
				06BA43741CA63923009E4D78 /* CommodityFoods.plist in Resources */,
				06B453E61C97D30300518931 /* 4.jpg in Resources */,
				06035FD41CB77983003FA60A /* ProvideServices.storyboard in Resources */,
				067AA52C1CBB592500C5825D /* PSCellBorder.png in Resources */,
			);
			runOnlyForDeploymentPostprocessing = 0;
		};
/* End PBXResourcesBuildPhase section */

/* Begin PBXSourcesBuildPhase section */
		060A810A1C92893E00CAD221 /* Sources */ = {
			isa = PBXSourcesBuildPhase;
			buildActionMask = 2147483647;
			files = (
				06D28FF21CAB8C1E00365D75 /* PopularOptionsCollectionCell.m in Sources */,
				06BA437A1CA63923009E4D78 /* ThreeLevelViewController.m in Sources */,
				06BA43791CA63923009E4D78 /* SecondLevelViewController.m in Sources */,
				067742731C99701600C39680 /* TVCellTBCollection.m in Sources */,
				06C7E2111CAFB8DC001390CB /* KxMenu.m in Sources */,
				060A81191C92893E00CAD221 /* ViewController.m in Sources */,
				06B47F001CB53D5000255C7E /* IntegralLuckyDrawViewController.m in Sources */,
				060A81161C92893E00CAD221 /* AppDelegate.m in Sources */,
				06F0A9971CB8A5AB006A8180 /* AddCreditViewController.m in Sources */,
				06F0734A1CA94B6D00BB9436 /* FMResultSet.m in Sources */,
				0601524A1CACED9800064915 /* TourismTableViewCell.m in Sources */,
				06CBC7791CABF50C00A84AC6 /* ToolBarItemOrderInfo.m in Sources */,
				06F073501CA95BA200BB9436 /* CellShoppingList.m in Sources */,
				060A81131C92893E00CAD221 /* main.m in Sources */,
				06F0A99B1CB8A99E006A8180 /* CreditCardPaymentViewController.m in Sources */,
				06BA43771CA63923009E4D78 /* IntegratedMallViewController.m in Sources */,
				06BA43721CA63923009E4D78 /* BestSellersCollectionViewCell.m in Sources */,
				06F073461CA94B6D00BB9436 /* FMDatabase.m in Sources */,
				06F073491CA94B6D00BB9436 /* FMDatabaseQueue.m in Sources */,
				06F073471CA94B6D00BB9436 /* FMDatabaseAdditions.m in Sources */,
				0677426D1C99701600C39680 /* HomeDFCollectionViewCell.m in Sources */,
				06B47EFC1CB53B6600255C7E /* IntegralExchangeViewController.m in Sources */,
				0609F8511CAA3AE30004E8FA /* ProvSerCollectionCell.m in Sources */,
				06FD907D1CA2553F0041BB50 /* ProvideServicesViewController.m in Sources */,
				06F073481CA94B6D00BB9436 /* FMDatabasePool.m in Sources */,
				06F0A9AB1CB8AFD1006A8180 /* AttractionsTicketsViewController.m in Sources */,
				06BA43731CA63923009E4D78 /* CellMallCommodity.m in Sources */,
				06BA43761CA63923009E4D78 /* FourLevelViewController.m in Sources */,
				060152471CACEA7400064915 /* HealthTourismViewController.m in Sources */,
				06734A111CB7DB1B00A043AF /* NormalNavBarViewController.m in Sources */,
				0677426E1C99701600C39680 /* HomeTBCollectionViewCell.m in Sources */,
				06BA437E1CA6395D009E4D78 /* CareersServiceViewController.m in Sources */,
				06C2063F1C9E8D64009A0915 /* RootViewController.m in Sources */,
				0609F8541CAA45900004E8FA /* PersonalViewController.m in Sources */,
				06F0A9A71CB8AEA8006A8180 /* MyCollectionViewController.m in Sources */,
				067742721C99701600C39680 /* TVCellIAMIC.m in Sources */,
				0677426F1C99701600C39680 /* HomeViewController.m in Sources */,
				06BAD5D41CB611EE00393B3A /* HydropowerPaymentViewController.m in Sources */,
				06734A0E1CB7D8C500A043AF /* PublicFuncObject.m in Sources */,
				06F0A9931CB8A0FE006A8180 /* ShowNormalNavBarViewController.m in Sources */,
				06F0A9A31CB8AD90006A8180 /* HotelBookingViewController.m in Sources */,
				06C95EA01CA8ED9B00779FDA /* ProductDetailsViewController.m in Sources */,
				06FD90881CA25A3A0041BB50 /* CartViewController.m in Sources */,
				06F0A99F1CB8AC00006A8180 /* TicketOrderingViewController.m in Sources */,
				067742711C99701600C39680 /* TVCellDailyFuncCollection.m in Sources */,
			);
			runOnlyForDeploymentPostprocessing = 0;
		};
/* End PBXSourcesBuildPhase section */

/* Begin PBXVariantGroup section */
		060A811A1C92893E00CAD221 /* Main.storyboard */ = {
			isa = PBXVariantGroup;
			children = (
				060A811B1C92893E00CAD221 /* Base */,
			);
			name = Main.storyboard;
			sourceTree = "<group>";
		};
		060A811F1C92893E00CAD221 /* LaunchScreen.storyboard */ = {
			isa = PBXVariantGroup;
			children = (
				060A81201C92893E00CAD221 /* Base */,
			);
			name = LaunchScreen.storyboard;
			sourceTree = "<group>";
		};
/* End PBXVariantGroup section */

/* Begin XCBuildConfiguration section */
		060A81231C92893E00CAD221 /* Debug */ = {
			isa = XCBuildConfiguration;
			buildSettings = {
				ALWAYS_SEARCH_USER_PATHS = NO;
				CLANG_CXX_LANGUAGE_STANDARD = "gnu++0x";
				CLANG_CXX_LIBRARY = "libc++";
				CLANG_ENABLE_MODULES = YES;
				CLANG_ENABLE_OBJC_ARC = YES;
				CLANG_WARN_BOOL_CONVERSION = YES;
				CLANG_WARN_CONSTANT_CONVERSION = YES;
				CLANG_WARN_DIRECT_OBJC_ISA_USAGE = YES_ERROR;
				CLANG_WARN_EMPTY_BODY = YES;
				CLANG_WARN_ENUM_CONVERSION = YES;
				CLANG_WARN_INT_CONVERSION = YES;
				CLANG_WARN_OBJC_ROOT_CLASS = YES_ERROR;
				CLANG_WARN_UNREACHABLE_CODE = YES;
				CLANG_WARN__DUPLICATE_METHOD_MATCH = YES;
				"CODE_SIGN_IDENTITY[sdk=iphoneos*]" = "iPhone Developer";
				COPY_PHASE_STRIP = NO;
				DEBUG_INFORMATION_FORMAT = dwarf;
				ENABLE_STRICT_OBJC_MSGSEND = YES;
				ENABLE_TESTABILITY = YES;
				GCC_C_LANGUAGE_STANDARD = gnu99;
				GCC_DYNAMIC_NO_PIC = NO;
				GCC_NO_COMMON_BLOCKS = YES;
				GCC_OPTIMIZATION_LEVEL = 0;
				GCC_PREPROCESSOR_DEFINITIONS = (
					"DEBUG=1",
					"$(inherited)",
				);
				GCC_WARN_64_TO_32_BIT_CONVERSION = YES;
				GCC_WARN_ABOUT_RETURN_TYPE = YES_ERROR;
				GCC_WARN_UNDECLARED_SELECTOR = YES;
				GCC_WARN_UNINITIALIZED_AUTOS = YES_AGGRESSIVE;
				GCC_WARN_UNUSED_FUNCTION = YES;
				GCC_WARN_UNUSED_VARIABLE = YES;
				IPHONEOS_DEPLOYMENT_TARGET = 9.2;
				MTL_ENABLE_DEBUG_INFO = YES;
				ONLY_ACTIVE_ARCH = YES;
				SDKROOT = iphoneos;
			};
			name = Debug;
		};
		060A81241C92893E00CAD221 /* Release */ = {
			isa = XCBuildConfiguration;
			buildSettings = {
				ALWAYS_SEARCH_USER_PATHS = NO;
				CLANG_CXX_LANGUAGE_STANDARD = "gnu++0x";
				CLANG_CXX_LIBRARY = "libc++";
				CLANG_ENABLE_MODULES = YES;
				CLANG_ENABLE_OBJC_ARC = YES;
				CLANG_WARN_BOOL_CONVERSION = YES;
				CLANG_WARN_CONSTANT_CONVERSION = YES;
				CLANG_WARN_DIRECT_OBJC_ISA_USAGE = YES_ERROR;
				CLANG_WARN_EMPTY_BODY = YES;
				CLANG_WARN_ENUM_CONVERSION = YES;
				CLANG_WARN_INT_CONVERSION = YES;
				CLANG_WARN_OBJC_ROOT_CLASS = YES_ERROR;
				CLANG_WARN_UNREACHABLE_CODE = YES;
				CLANG_WARN__DUPLICATE_METHOD_MATCH = YES;
				"CODE_SIGN_IDENTITY[sdk=iphoneos*]" = "iPhone Developer";
				COPY_PHASE_STRIP = NO;
				DEBUG_INFORMATION_FORMAT = "dwarf-with-dsym";
				ENABLE_NS_ASSERTIONS = NO;
				ENABLE_STRICT_OBJC_MSGSEND = YES;
				GCC_C_LANGUAGE_STANDARD = gnu99;
				GCC_NO_COMMON_BLOCKS = YES;
				GCC_WARN_64_TO_32_BIT_CONVERSION = YES;
				GCC_WARN_ABOUT_RETURN_TYPE = YES_ERROR;
				GCC_WARN_UNDECLARED_SELECTOR = YES;
				GCC_WARN_UNINITIALIZED_AUTOS = YES_AGGRESSIVE;
				GCC_WARN_UNUSED_FUNCTION = YES;
				GCC_WARN_UNUSED_VARIABLE = YES;
				IPHONEOS_DEPLOYMENT_TARGET = 9.2;
				MTL_ENABLE_DEBUG_INFO = NO;
				SDKROOT = iphoneos;
				VALIDATE_PRODUCT = YES;
			};
			name = Release;
		};
		060A81261C92893E00CAD221 /* Debug */ = {
			isa = XCBuildConfiguration;
			buildSettings = {
				ASSETCATALOG_COMPILER_APPICON_NAME = AppIcon;
				FRAMEWORK_SEARCH_PATHS = (
					"$(inherited)",
					"$(PROJECT_DIR)/wxpalm",
					"$(PROJECT_DIR)/wxpalm/Home",
				);
				INFOPLIST_FILE = wxpalm/Info.plist;
				LD_RUNPATH_SEARCH_PATHS = "$(inherited) @executable_path/Frameworks";
				PRODUCT_BUNDLE_IDENTIFIER = com.hy.wxpalm;
				PRODUCT_NAME = "$(TARGET_NAME)";
			};
			name = Debug;
		};
		060A81271C92893E00CAD221 /* Release */ = {
			isa = XCBuildConfiguration;
			buildSettings = {
				ASSETCATALOG_COMPILER_APPICON_NAME = AppIcon;
				FRAMEWORK_SEARCH_PATHS = (
					"$(inherited)",
					"$(PROJECT_DIR)/wxpalm",
					"$(PROJECT_DIR)/wxpalm/Home",
				);
				INFOPLIST_FILE = wxpalm/Info.plist;
				LD_RUNPATH_SEARCH_PATHS = "$(inherited) @executable_path/Frameworks";
				PRODUCT_BUNDLE_IDENTIFIER = com.hy.wxpalm;
				PRODUCT_NAME = "$(TARGET_NAME)";
			};
			name = Release;
		};
/* End XCBuildConfiguration section */

/* Begin XCConfigurationList section */
		060A81091C92893E00CAD221 /* Build configuration list for PBXProject "wxpalm" */ = {
			isa = XCConfigurationList;
			buildConfigurations = (
				060A81231C92893E00CAD221 /* Debug */,
				060A81241C92893E00CAD221 /* Release */,
			);
			defaultConfigurationIsVisible = 0;
			defaultConfigurationName = Release;
		};
		060A81251C92893E00CAD221 /* Build configuration list for PBXNativeTarget "wxpalm" */ = {
			isa = XCConfigurationList;
			buildConfigurations = (
				060A81261C92893E00CAD221 /* Debug */,
				060A81271C92893E00CAD221 /* Release */,
			);
			defaultConfigurationIsVisible = 0;
			defaultConfigurationName = Release;
		};
/* End XCConfigurationList section */
	};
	rootObject = 060A81061C92893E00CAD221 /* Project object */;
}
